
Microsoft Visual Studio Solution File, Format Version 12.00
# Visual Studio Version 16
VisualStudioVersion = 16.0.29911.84
MinimumVisualStudioVersion = 10.0.40219.1
Project("{FAE04EC0-301F-11D3-BF4B-00C04F79EFBC}") = "Dominio SMS", "Dominio SMS\Dominio SMS.csproj", "{A3018E93-5391-47DB-BC4C-229D2CC68644}"
EndProject
Global
	GlobalSection(SolutionConfigurationPlatforms) = preSolution
		Debug|Any CPU = Debug|Any CPU
		Release|Any CPU = Release|Any CPU
	EndGlobalSection
	GlobalSection(ProjectConfigurationPlatforms) = postSolution
		{A3018E93-5391-47DB-BC4C-229D2CC68644}.Debug|Any CPU.ActiveCfg = Debug|Any CPU
		{A3018E93-5391-47DB-BC4C-229D2CC68644}.Debug|Any CPU.Build.0 = Debug|Any CPU
		{A3018E93-5391-47DB-BC4C-229D2CC68644}.Release|Any CPU.ActiveCfg = Release|Any CPU
		{A3018E93-5391-47DB-BC4C-229D2CC68644}.Release|Any CPU.Build.0 = Release|Any CPU
	EndGlobalSection
	GlobalSection(SolutionProperties) = preSolution
		HideSolutionNode = FALSE
	EndGlobalSection
	GlobalSection(ExtensibilityGlobals) = postSolution
		SolutionGuid = {D3CFB199-687F-4291-9249-A8684D43DB3D}
	EndGlobalSection
EndGlobal
